
Microsoft Visual Studio Solution File, Format Version 12.00
# Visual Studio Version 17
VisualStudioVersion = 17.4.33403.182
MinimumVisualStudioVersion = 10.0.40219.1
Project("{FAE04EC0-301F-11D3-BF4B-00C04F79EFBC}") = "WebApplication0222", "WebApplication0222\WebApplication0222.csproj", "{B41D5970-4184-4B72-9A9C-51FC20FA43C8}"
EndProject
Global
	GlobalSection(SolutionConfigurationPlatforms) = preSolution
		Debug|Any CPU = Debug|Any CPU
		Release|Any CPU = Release|Any CPU
	EndGlobalSection
	GlobalSection(ProjectConfigurationPlatforms) = postSolution
		{B41D5970-4184-4B72-9A9C-51FC20FA43C8}.Debug|Any CPU.ActiveCfg = Debug|Any CPU
		{B41D5970-4184-4B72-9A9C-51FC20FA43C8}.Debug|Any CPU.Build.0 = Debug|Any CPU
		{B41D5970-4184-4B72-9A9C-51FC20FA43C8}.Release|Any CPU.ActiveCfg = Release|Any CPU
		{B41D5970-4184-4B72-9A9C-51FC20FA43C8}.Release|Any CPU.Build.0 = Release|Any CPU
	EndGlobalSection
	GlobalSection(SolutionProperties) = preSolution
		HideSolutionNode = FALSE
	EndGlobalSection
	GlobalSection(ExtensibilityGlobals) = postSolution
		SolutionGuid = {13FE318F-CAB4-47CD-A757-000978C9EF6F}
	EndGlobalSection
EndGlobal
